PODS:
  - AFNetworking (3.1.0):
    - AFNetworking/NSURLSession (= 3.1.0)
    - AFNetworking/Reachability (= 3.1.0)
    - AFNetworking/Security (= 3.1.0)
    - AFNetworking/Serialization (= 3.1.0)
    - AFNetworking/UIKit (= 3.1.0)
  - AFNetworking/NSURLSession (3.1.0):
    - AFNetworking/Reachability
    - AFNetworking/Security
    - AFNetworking/Serialization
  - AFNetworking/Reachability (3.1.0)
  - AFNetworking/Security (3.1.0)
  - AFNetworking/Serialization (3.1.0)
  - AFNetworking/UIKit (3.1.0):
    - AFNetworking/NSURLSession
  - Bolts (1.7.0):
    - Bolts/AppLinks (= 1.7.0)
    - Bolts/Tasks (= 1.7.0)
  - Bolts/AppLinks (1.7.0):
    - Bolts/Tasks
  - Bolts/Tasks (1.7.0)
  - Crashlytics (3.7.1):
    - Fabric (~> 1.6.3)
  - DateTools (1.7.0)
  - Fabric (1.6.7)
  - FBSDKCoreKit (4.12.0):
    - Bolts (~> 1.7)
  - FBSDKLoginKit (4.12.0):
    - FBSDKCoreKit
  - FBSDKShareKit (4.12.0):
    - FBSDKCoreKit
  - HockeySDK (4.0.1):
    - HockeySDK/AllFeaturesLib (= 4.0.1)
  - HockeySDK/AllFeaturesLib (4.0.1)
  - LibYAML (0.1.4)
  - Masonry (1.0.1)
  - MBProgressHUD (0.9.2)
  - SVPullToRefresh (0.4.1)
  - YAML-Framework (0.0.2):
    - LibYAML (~> 0.1.4)
  - youtube-ios-player-helper (0.1.6)

DEPENDENCIES:
  - AFNetworking
  - Crashlytics
  - DateTools (from `~/Repositories/DateTools`)
  - Fabric
  - FBSDKCoreKit
  - FBSDKLoginKit
  - FBSDKShareKit
  - HockeySDK
  - Masonry
  - MBProgressHUD (~> 0.9.1)
  - SVPullToRefresh
  - YAML-Framework
  - youtube-ios-player-helper (~> 0.1.5)

EXTERNAL SOURCES:
  DateTools:
    :path: "~/Repositories/DateTools"

SPEC CHECKSUMS:
  AFNetworking: 5e0e199f73d8626b11e79750991f5d173d1f8b67
  Bolts: a0058fa3b331c5a1e4402d534f2dae36dbff31e4
  Crashlytics: 3cdd4c9655be68032a0cf0379e0fb5ef6af22cad
  DateTools: 27566e58f5a6d5d0719bd409bde674b5b6c8c83a
  Fabric: caf7580c725e64db144f610ac65cd60956911dc7
  FBSDKCoreKit: 6e56d5a2a64a755ad4efb5dbeee8f82fb1b99775
  FBSDKLoginKit: 03f68a8d48c2c8bb81d7eb8097973d483543e1f6
  FBSDKShareKit: df1491f064cffc8ebcc3fc8b71be94cc190c728e
  HockeySDK: 1b69a82782f6a3d4a1c0b1f04dca4bca83fc8c82
  LibYAML: 3af2c5adf3a40dff936d087aa6a77edc10036bc5
  Masonry: a1a931a0d08870ed8ae415a2ea5ea68ebcac77df
  MBProgressHUD: 1569cf7ace17a8bac47aabfbb8580a49690386d1
  SVPullToRefresh: ba2e718695a43253d8bea6852d2960097dc15d8c
  YAML-Framework: 6fe698e19d39d778829f5937e39d1e6bc12afd7b
  youtube-ios-player-helper: 21ab92db027c7ff86cb17a3843a3f6eafc8158d2

PODFILE CHECKSUM: 7bc500c6e32384fc76839027778669dd6a7e90c1

COCOAPODS: 1.0.1
